
Microsoft Visual Studio Solution File, Format Version 12.00
# Visual Studio Version 17
VisualStudioVersion = 17.8.34525.116
MinimumVisualStudioVersion = 10.0.40219.1
Project("{9A19103F-16F7-4668-BE54-9A1E7A4F7556}") = "cosmos_crud", "cosmos_crud.csproj", "{6DEF18AC-C83C-4CC6-877D-E790A4F4E5CD}"
EndProject
Global
	GlobalSection(SolutionConfigurationPlatforms) = preSolution
		Debug|Any CPU = Debug|Any CPU
		Release|Any CPU = Release|Any CPU
	EndGlobalSection
	GlobalSection(ProjectConfigurationPlatforms) = postSolution
		{6DEF18AC-C83C-4CC6-877D-E790A4F4E5CD}.Debug|Any CPU.ActiveCfg = Debug|Any CPU
		{6DEF18AC-C83C-4CC6-877D-E790A4F4E5CD}.Debug|Any CPU.Build.0 = Debug|Any CPU
		{6DEF18AC-C83C-4CC6-877D-E790A4F4E5CD}.Release|Any CPU.ActiveCfg = Release|Any CPU
		{6DEF18AC-C83C-4CC6-877D-E790A4F4E5CD}.Release|Any CPU.Build.0 = Release|Any CPU
	EndGlobalSection
	GlobalSection(SolutionProperties) = preSolution
		HideSolutionNode = FALSE
	EndGlobalSection
	GlobalSection(ExtensibilityGlobals) = postSolution
		SolutionGuid = {8AC48BD9-ADDD-44E2-8F73-FE8D9521887D}
	EndGlobalSection
EndGlobal
